# This file was autogenerated by Stack.
# You should not edit this file by hand.
# For more information, please see the documentation at:
#   https://docs.haskellstack.org/en/stable/lock_files

packages:
- completed:
    hackage: mtl-2.2.2@sha256:1050fb71acd9f5d67da7d992583f5bd0eb14407b9dc7acc122af1b738b706ca3,2261
    pantry-tree:
      sha256: b8bdc2259e2f943a7252fb164805666fe108ac959d398e0af27b43ba2ebc241c
      size: 1713
  original:
    hackage: mtl-2.2.2
- completed:
    hackage: servant-auth-server-0.4.8.0@sha256:b9137bebf5ca56e4fd20402680e71f5734a6f511f0464e8eff6577aa9947ce35,5521
    pantry-tree:
      sha256: dc2c8e68f97211e1545dae2dd922b15062481903610aa5868dc3aa5df1f8f2b6
      size: 1376
  original:
    hackage: servant-auth-server-0.4.8.0
snapshots:
- completed:
    sha256: 97710f56bf093fca0ee5d8dbe19d96b654c752e405b66795b4baedd84a794c60
    size: 640010
    url: https://raw.githubusercontent.com/commercialhaskell/stackage-snapshots/master/lts/21/3.yaml
  original:
    url: https://raw.githubusercontent.com/commercialhaskell/stackage-snapshots/master/lts/21/3.yaml
